{
  "name": "os-view",
  "version": "1.0.0",
  "lockfileVersion": 3,
  "requires": true,
  "packages": {
    "": {
      "name": "os-view",
      "version": "1.0.0",
      "license": "ISC",
      "dependencies": {
        "jbassard97nodecolors": "^3.1.0"
      }
    },
    "node_modules/jbassard97nodecolors": {
      "version": "3.1.0",
      "resolved": "https://registry.npmjs.org/jbassard97nodecolors/-/jbassard97nodecolors-3.1.0.tgz",
      "integrity": "sha512-0MpvyFrWUTUxn5pEXZWffONf1apMA/+DqDt3cpluradRTb/HCWF77U826KsIEoXou5+74MEhzL7iRYM590W9/g=="
    }
  }
}
